speakeasyVersion: 1.541.2
sources:
    weather.gov API:
        sourceNamespace: weather-gov-api
        sourceRevisionDigest: sha256:1d8b16037a5791de8153b0135d5acff4ee5f14752de9c3afde66cafa63d83bc7
        sourceBlobDigest: sha256:b321e3a9d3876d54b2dcf140ee7dbcc26e7bc53043d77ff2209b11b6f1015117
        tags:
            - latest
            - 2.0.0
targets:
    nws-client:
        source: weather.gov API
        sourceNamespace: weather-gov-api
        sourceRevisionDigest: sha256:1d8b16037a5791de8153b0135d5acff4ee5f14752de9c3afde66cafa63d83bc7
        sourceBlobDigest: sha256:b321e3a9d3876d54b2dcf140ee7dbcc26e7bc53043d77ff2209b11b6f1015117
        codeSamplesNamespace: weather-gov-api-python-code-samples
        codeSamplesRevisionDigest: sha256:f5411988aad4a950e3fecb0dadc743abe4132b41239f8511b14d039e625eb3df
workflow:
    workflowVersion: 1.0.0
    speakeasyVersion: latest
    sources:
        weather.gov API:
            inputs:
                - location: ../openapi.yaml
            registry:
                location: registry.speakeasyapi.dev/spdustin/weather/weather-gov-api
    targets:
        nws-client:
            target: python
            source: weather.gov API
            codeSamples:
                registry:
                    location: registry.speakeasyapi.dev/spdustin/weather/weather-gov-api-python-code-samples
                labelOverride:
                    fixedValue: Python (SDK)
                blocking: false
