speakeasyVersion: 1.542.1
sources:
    weather.gov API:
        sourceNamespace: weather-gov-api
        sourceRevisionDigest: sha256:858769793cf3a8eb5091b6382b4c4e6573c989cf426aea1cda97522332dcd5df
        sourceBlobDigest: sha256:4a54048221cb86ac99290cc76a3de8e8185269f5dded7b5159a4eedad9cdaad8
        tags:
            - latest
            - 3.1.0
targets:
    nws-api-client:
        source: weather.gov API
        sourceNamespace: weather-gov-api
        sourceRevisionDigest: sha256:858769793cf3a8eb5091b6382b4c4e6573c989cf426aea1cda97522332dcd5df
        sourceBlobDigest: sha256:4a54048221cb86ac99290cc76a3de8e8185269f5dded7b5159a4eedad9cdaad8
        codeSamplesNamespace: weather-gov-api-python-code-samples
        codeSamplesRevisionDigest: sha256:ce3ef620241e9067cf7cbab38836f1679e6cdc954ea643de6beb5e9a9bcc3f4d
workflow:
    workflowVersion: 1.0.0
    speakeasyVersion: latest
    sources:
        weather.gov API:
            inputs:
                - location: ./openapi.yaml
            overlays:
                - location: ./openapi_overlay_operationids.yaml
            transformations:
                - removeUnused: true
                - cleanup: true
            output: ./merged_openapi.yaml
            registry:
                location: registry.speakeasyapi.dev/spdustin/weather/weather-gov-api
    targets:
        nws-api-client:
            target: python
            source: weather.gov API
            publish:
                pypi:
                    token: $pypi_token
            codeSamples:
                output: ./code_samples.yaml
                registry:
                    location: registry.speakeasyapi.dev/spdustin/weather/weather-gov-api-python-code-samples
                labelOverride:
                    fixedValue: Python (SDK)
                blocking: false
